
Microsoft Visual Studio Solution File, Format Version 12.00
# Visual Studio Version 16
VisualStudioVersion = 16.0.35826.135
MinimumVisualStudioVersion = 10.0.40219.1
Project("{FAE04EC0-301F-11D3-BF4B-00C04F79EFBC}") = "OrderWinFormApp", "OrderWinFormApp.csproj", "{FD942B9C-DEF4-4B3D-A8F8-5CEA87112B73}"
EndProject
Global
	GlobalSection(SolutionConfigurationPlatforms) = preSolution
		Debug|Any CPU = Debug|Any CPU
		Release|Any CPU = Release|Any CPU
	EndGlobalSection
	GlobalSection(ProjectConfigurationPlatforms) = postSolution
		{FD942B9C-DEF4-4B3D-A8F8-5CEA87112B73}.Debug|Any CPU.ActiveCfg = Debug|Any CPU
		{FD942B9C-DEF4-4B3D-A8F8-5CEA87112B73}.Debug|Any CPU.Build.0 = Debug|Any CPU
		{FD942B9C-DEF4-4B3D-A8F8-5CEA87112B73}.Release|Any CPU.ActiveCfg = Release|Any CPU
		{FD942B9C-DEF4-4B3D-A8F8-5CEA87112B73}.Release|Any CPU.Build.0 = Release|Any CPU
	EndGlobalSection
	GlobalSection(SolutionProperties) = preSolution
		HideSolutionNode = FALSE
	EndGlobalSection
	GlobalSection(ExtensibilityGlobals) = postSolution
		SolutionGuid = {7BAD53FA-89D1-4321-BE03-923B9D8E328A}
	EndGlobalSection
EndGlobal
