
Microsoft Visual Studio Solution File, Format Version 12.00
# Visual Studio Version 16
VisualStudioVersion = 16.0.35325.158
MinimumVisualStudioVersion = 10.0.40219.1
Project("{FAE04EC0-301F-11D3-BF4B-00C04F79EFBC}") = "homework1", "homework1.csproj", "{A06FA27A-49A0-445D-828D-D3B4013EBBCC}"
EndProject
Global
	GlobalSection(SolutionConfigurationPlatforms) = preSolution
		Debug|Any CPU = Debug|Any CPU
		Release|Any CPU = Release|Any CPU
	EndGlobalSection
	GlobalSection(ProjectConfigurationPlatforms) = postSolution
		{A06FA27A-49A0-445D-828D-D3B4013EBBCC}.Debug|Any CPU.ActiveCfg = Debug|Any CPU
		{A06FA27A-49A0-445D-828D-D3B4013EBBCC}.Debug|Any CPU.Build.0 = Debug|Any CPU
		{A06FA27A-49A0-445D-828D-D3B4013EBBCC}.Release|Any CPU.ActiveCfg = Release|Any CPU
		{A06FA27A-49A0-445D-828D-D3B4013EBBCC}.Release|Any CPU.Build.0 = Release|Any CPU
	EndGlobalSection
	GlobalSection(SolutionProperties) = preSolution
		HideSolutionNode = FALSE
	EndGlobalSection
	GlobalSection(ExtensibilityGlobals) = postSolution
		SolutionGuid = {4B93CFBC-8217-4A11-B3E3-A3E4B0BAF9CC}
	EndGlobalSection
EndGlobal
